
Microsoft Visual Studio Solution File, Format Version 12.00
Project("{FAE04EC0-301F-11D3-BF4B-00C04F79EFBC}") = "MagicOnionMac.Server", "MagicOnionMac.Server\MagicOnionMac.Server.csproj", "{23D4CDDF-519D-4E30-8AF5-2EDF695247DA}"
EndProject
Project("{FAE04EC0-301F-11D3-BF4B-00C04F79EFBC}") = "MagicOnionMac.Shared", "MagicOnionMac.Shared\MagicOnionMac.Shared.csproj", "{B5A1A394-0378-409E-95A2-8133C970BFEE}"
EndProject
Global
	GlobalSection(SolutionConfigurationPlatforms) = preSolution
		Debug|Any CPU = Debug|Any CPU
		Release|Any CPU = Release|Any CPU
	EndGlobalSection
	GlobalSection(ProjectConfigurationPlatforms) = postSolution
		{23D4CDDF-519D-4E30-8AF5-2EDF695247DA}.Debug|Any CPU.ActiveCfg = Debug|Any CPU
		{23D4CDDF-519D-4E30-8AF5-2EDF695247DA}.Debug|Any CPU.Build.0 = Debug|Any CPU
		{23D4CDDF-519D-4E30-8AF5-2EDF695247DA}.Release|Any CPU.ActiveCfg = Release|Any CPU
		{23D4CDDF-519D-4E30-8AF5-2EDF695247DA}.Release|Any CPU.Build.0 = Release|Any CPU
		{B5A1A394-0378-409E-95A2-8133C970BFEE}.Debug|Any CPU.ActiveCfg = Debug|Any CPU
		{B5A1A394-0378-409E-95A2-8133C970BFEE}.Debug|Any CPU.Build.0 = Debug|Any CPU
		{B5A1A394-0378-409E-95A2-8133C970BFEE}.Release|Any CPU.ActiveCfg = Release|Any CPU
		{B5A1A394-0378-409E-95A2-8133C970BFEE}.Release|Any CPU.Build.0 = Release|Any CPU
	EndGlobalSection
EndGlobal
